
Microsoft Visual Studio Solution File, Format Version 12.00
# Visual Studio Version 17
VisualStudioVersion = 17.2.32516.85
MinimumVisualStudioVersion = 10.0.40219.1
Project("{9A19103F-16F7-4668-BE54-9A1E7A4F7556}") = "GameTimerWeb", "GameTimerWeb\GameTimerWeb.csproj", "{4D80852F-B6D4-4A9F-AAB2-7DA46A7E8857}"
EndProject
Global
	GlobalSection(SolutionConfigurationPlatforms) = preSolution
		Debug|Any CPU = Debug|Any CPU
		Release|Any CPU = Release|Any CPU
	EndGlobalSection
	GlobalSection(ProjectConfigurationPlatforms) = postSolution
		{4D80852F-B6D4-4A9F-AAB2-7DA46A7E8857}.Debug|Any CPU.ActiveCfg = Debug|Any CPU
		{4D80852F-B6D4-4A9F-AAB2-7DA46A7E8857}.Debug|Any CPU.Build.0 = Debug|Any CPU
		{4D80852F-B6D4-4A9F-AAB2-7DA46A7E8857}.Release|Any CPU.ActiveCfg = Release|Any CPU
		{4D80852F-B6D4-4A9F-AAB2-7DA46A7E8857}.Release|Any CPU.Build.0 = Release|Any CPU
	EndGlobalSection
	GlobalSection(SolutionProperties) = preSolution
		HideSolutionNode = FALSE
	EndGlobalSection
	GlobalSection(ExtensibilityGlobals) = postSolution
		SolutionGuid = {B64EFAF7-C96B-48DC-BFF3-DBD503F0AA03}
	EndGlobalSection
EndGlobal
